
Microsoft Visual Studio Solution File, Format Version 12.00
# Visual Studio Version 16
VisualStudioVersion = 16.0.31624.102
MinimumVisualStudioVersion = 10.0.40219.1
Project("{FAE04EC0-301F-11D3-BF4B-00C04F79EFBC}") = "Petrol", "Petrol\Petrol.csproj", "{0E312983-7216-4CF9-BC43-3F93E943A24B}"
EndProject
Global
	GlobalSection(SolutionConfigurationPlatforms) = preSolution
		Debug|Any CPU = Debug|Any CPU
		Release|Any CPU = Release|Any CPU
	EndGlobalSection
	GlobalSection(ProjectConfigurationPlatforms) = postSolution
		{0E312983-7216-4CF9-BC43-3F93E943A24B}.Debug|Any CPU.ActiveCfg = Debug|Any CPU
		{0E312983-7216-4CF9-BC43-3F93E943A24B}.Debug|Any CPU.Build.0 = Debug|Any CPU
		{0E312983-7216-4CF9-BC43-3F93E943A24B}.Release|Any CPU.ActiveCfg = Release|Any CPU
		{0E312983-7216-4CF9-BC43-3F93E943A24B}.Release|Any CPU.Build.0 = Release|Any CPU
	EndGlobalSection
	GlobalSection(SolutionProperties) = preSolution
		HideSolutionNode = FALSE
	EndGlobalSection
	GlobalSection(ExtensibilityGlobals) = postSolution
		SolutionGuid = {8BF6CCA1-1568-4D49-88F1-03EDC1DD407F}
	EndGlobalSection
EndGlobal
